github.com/gabetucker2/gogenerics v1.4.3 h1:opsc2FKgMZaIBb6nJLN/avjHiwMpcuK+R/Krhydt/ts=
github.com/gabetucker2/gogenerics v1.4.3/go.mod h1:dEh9+kLtYefh3RawcynnUmX/tAaCoIqLvCOesWq/32c=
github.com/gabetucker2/gostack v1.0.5 h1:3MEF7Kcv4RlvtKpQs0QEyrBdvYGghelH1x56NDr1t7I=
github.com/gabetucker2/gostack v1.0.5/go.mod h1:A5pM10Jg21g88A45M/WpuUtAZDnt+WSKL0gfsyWUapc=
